{
  "version": 4,
  "terraform_version": "1.10.4",
  "serial": 33,
  "lineage": "4a3dab4e-7b0b-9d23-17a2-6dad93afece3",
  "outputs": {},
  "resources": [
    {
      "mode": "managed",
      "type": "google_iam_workload_identity_pool",
      "name": "my_pool",
      "provider": "provider[\"registry.terraform.io/hashicorp/google-beta\"]",
      "instances": [
        {
          "schema_version": 0,
          "attributes": {
            "description": "",
            "disabled": false,
            "display_name": "",
            "id": "projects/bootstrap-prjct/locations/global/workloadIdentityPools/my-pool1",
            "name": "projects/851531589643/locations/global/workloadIdentityPools/my-pool1",
            "project": "bootstrap-prjct",
            "state": "ACTIVE",
            "timeouts": null,
            "workload_identity_pool_id": "my-pool1"
          },
          "sensitive_attributes": [],
          "private": "eyJlMmJmYjczMC1lY2FhLTExZTYtOGY4OC0zNDM2M2JjN2M0YzAiOnsiY3JlYXRlIjoxMjAwMDAwMDAwMDAwLCJkZWxldGUiOjEyMDAwMDAwMDAwMDAsInVwZGF0ZSI6MTIwMDAwMDAwMDAwMH19"
        }
      ]
    },
    {
      "mode": "managed",
      "type": "google_iam_workload_identity_pool_provider",
      "name": "my_provider",
      "provider": "provider[\"registry.terraform.io/hashicorp/google-beta\"]",
      "instances": [
        {
          "schema_version": 0,
          "attributes": {
            "attribute_condition": "",
            "attribute_mapping": {
              "google.subject": "assertion.sub"
            },
            "aws": [],
            "description": "",
            "disabled": false,
            "display_name": "",
            "id": "projects/bootstrap-prjct/locations/global/workloadIdentityPools/my-pool1/providers/my-pool1",
            "name": "projects/851531589643/locations/global/workloadIdentityPools/my-pool1/providers/my-pool1",
            "oidc": [
              {
                "allowed_audiences": [],
                "issuer_uri": "https://example.com",
                "jwks_json": ""
              }
            ],
            "project": "bootstrap-prjct",
            "saml": [],
            "state": "ACTIVE",
            "timeouts": null,
            "workload_identity_pool_id": "my-pool1",
            "workload_identity_pool_provider_id": "my-pool1",
            "x509": []
          },
          "sensitive_attributes": [],
          "private": "eyJlMmJmYjczMC1lY2FhLTExZTYtOGY4OC0zNDM2M2JjN2M0YzAiOnsiY3JlYXRlIjoxMjAwMDAwMDAwMDAwLCJkZWxldGUiOjEyMDAwMDAwMDAwMDAsInVwZGF0ZSI6MTIwMDAwMDAwMDAwMH19",
          "dependencies": [
            "google_iam_workload_identity_pool.my_pool"
          ]
        }
      ]
    },
    {
      "mode": "managed",
      "type": "google_project_iam_audit_config",
      "name": "project_audit_config",
      "provider": "provider[\"registry.terraform.io/hashicorp/google\"]",
      "instances": [
        {
          "schema_version": 0,
          "attributes": {
            "audit_log_config": [
              {
                "exempted_members": [],
                "log_type": "ADMIN_READ"
              },
              {
                "exempted_members": [],
                "log_type": "DATA_READ"
              },
              {
                "exempted_members": [],
                "log_type": "DATA_WRITE"
              }
            ],
            "etag": "BwYrlqzzLtI=",
            "id": "bootstrap-prjct/audit_config/storage.googleapis.com",
            "project": "bootstrap-prjct",
            "service": "storage.googleapis.com"
          },
          "sensitive_attributes": [],
          "private": "bnVsbA=="
        }
      ]
    },
    {
      "mode": "managed",
      "type": "google_storage_bucket_iam_binding",
      "name": "bucket_iam_prod",
      "provider": "provider[\"registry.terraform.io/hashicorp/google\"]",
      "instances": [
        {
          "index_key": "northamerica-northeast1-pci-data",
          "schema_version": 0,
          "attributes": {
            "bucket": "b/northamerica-northeast1-pci-data",
            "condition": [],
            "etag": "CAI=",
            "id": "b/northamerica-northeast1-pci-data/roles/storage.objectViewer",
            "members": [
              "user:dagadeepansh@google.com"
            ],
            "role": "roles/storage.objectViewer"
          },
          "sensitive_attributes": [],
          "private": "bnVsbA==",
          "dependencies": [
            "module.gcs_buckets.google_storage_bucket.bucket",
            "module.gcs_buckets.google_storage_bucket_iam_member.members"
          ]
        },
        {
          "index_key": "northamerica-northeast2-pci-data",
          "schema_version": 0,
          "attributes": {
            "bucket": "b/northamerica-northeast2-pci-data",
            "condition": [],
            "etag": "CAI=",
            "id": "b/northamerica-northeast2-pci-data/roles/storage.objectViewer",
            "members": [
              "user:dagadeepansh@google.com"
            ],
            "role": "roles/storage.objectViewer"
          },
          "sensitive_attributes": [],
          "private": "bnVsbA==",
          "dependencies": [
            "module.gcs_buckets.google_storage_bucket.bucket",
            "module.gcs_buckets.google_storage_bucket_iam_member.members"
          ]
        }
      ]
    },
    {
      "module": "module.gcs_buckets[\"northamerica-northeast1\"]",
      "mode": "managed",
      "type": "google_storage_bucket",
      "name": "bucket",
      "provider": "provider[\"registry.terraform.io/hashicorp/google\"]",
      "instances": [
        {
          "schema_version": 0,
          "attributes": {
            "autoclass": [],
            "cors": [],
            "custom_placement_config": [],
            "default_event_based_hold": false,
            "encryption": [
              {
                "default_kms_key_name": "projects/bootstrap-prjct/locations/northamerica-northeast1/keyRings/pci-ring/cryptoKeys/pci-key-mon"
              }
            ],
            "force_destroy": false,
            "id": "northamerica-northeast1-pci-data",
            "labels": {
              "environment": "prod"
            },
            "lifecycle_rule": [
              {
                "action": [
                  {
                    "storage_class": "",
                    "type": "Delete"
                  }
                ],
                "condition": [
                  {
                    "age": 2555,
                    "created_before": "",
                    "custom_time_before": "",
                    "days_since_custom_time": 0,
                    "days_since_noncurrent_time": 0,
                    "matches_prefix": [],
                    "matches_storage_class": [],
                    "matches_suffix": [],
                    "noncurrent_time_before": "",
                    "num_newer_versions": 0,
                    "with_state": "ANY"
                  }
                ]
              }
            ],
            "location": "NORTHAMERICA-NORTHEAST1",
            "logging": [],
            "name": "northamerica-northeast1-pci-data",
            "project": "bootstrap-prjct",
            "public_access_prevention": "inherited",
            "requester_pays": false,
            "retention_policy": [],
            "self_link": "https://www.googleapis.com/storage/v1/b/northamerica-northeast1-pci-data",
            "soft_delete_policy": [
              {
                "effective_time": "2025-01-13T13:15:34.259Z",
                "retention_duration_seconds": 604800
              }
            ],
            "storage_class": "STANDARD",
            "timeouts": null,
            "uniform_bucket_level_access": true,
            "url": "gs://northamerica-northeast1-pci-data",
            "versioning": [
              {
                "enabled": true
              }
            ],
            "website": []
          },
          "sensitive_attributes": [],
          "private": "eyJlMmJmYjczMC1lY2FhLTExZTYtOGY4OC0zNDM2M2JjN2M0YzAiOnsiY3JlYXRlIjo2MDAwMDAwMDAwMDAsInJlYWQiOjI0MDAwMDAwMDAwMCwidXBkYXRlIjoyNDAwMDAwMDAwMDB9fQ=="
        }
      ]
    },
    {
      "module": "module.gcs_buckets[\"northamerica-northeast1\"]",
      "mode": "managed",
      "type": "google_storage_bucket_iam_member",
      "name": "members",
      "provider": "provider[\"registry.terraform.io/hashicorp/google\"]",
      "instances": []
    },
    {
      "module": "module.gcs_buckets[\"northamerica-northeast2\"]",
      "mode": "managed",
      "type": "google_storage_bucket",
      "name": "bucket",
      "provider": "provider[\"registry.terraform.io/hashicorp/google\"]",
      "instances": [
        {
          "schema_version": 0,
          "attributes": {
            "autoclass": [],
            "cors": [],
            "custom_placement_config": [],
            "default_event_based_hold": false,
            "encryption": [
              {
                "default_kms_key_name": "projects/bootstrap-prjct/locations/northamerica-northeast2/keyRings/pci-ring-tor/cryptoKeys/pci-key-tor"
              }
            ],
            "force_destroy": false,
            "id": "northamerica-northeast2-pci-data",
            "labels": {
              "environment": "prod"
            },
            "lifecycle_rule": [
              {
                "action": [
                  {
                    "storage_class": "",
                    "type": "Delete"
                  }
                ],
                "condition": [
                  {
                    "age": 2555,
                    "created_before": "",
                    "custom_time_before": "",
                    "days_since_custom_time": 0,
                    "days_since_noncurrent_time": 0,
                    "matches_prefix": [],
                    "matches_storage_class": [],
                    "matches_suffix": [],
                    "noncurrent_time_before": "",
                    "num_newer_versions": 0,
                    "with_state": "ANY"
                  }
                ]
              }
            ],
            "location": "NORTHAMERICA-NORTHEAST2",
            "logging": [],
            "name": "northamerica-northeast2-pci-data",
            "project": "bootstrap-prjct",
            "public_access_prevention": "inherited",
            "requester_pays": false,
            "retention_policy": [],
            "self_link": "https://www.googleapis.com/storage/v1/b/northamerica-northeast2-pci-data",
            "soft_delete_policy": [
              {
                "effective_time": "2025-01-13T13:15:34.018Z",
                "retention_duration_seconds": 604800
              }
            ],
            "storage_class": "STANDARD",
            "timeouts": null,
            "uniform_bucket_level_access": true,
            "url": "gs://northamerica-northeast2-pci-data",
            "versioning": [
              {
                "enabled": true
              }
            ],
            "website": []
          },
          "sensitive_attributes": [],
          "private": "eyJlMmJmYjczMC1lY2FhLTExZTYtOGY4OC0zNDM2M2JjN2M0YzAiOnsiY3JlYXRlIjo2MDAwMDAwMDAwMDAsInJlYWQiOjI0MDAwMDAwMDAwMCwidXBkYXRlIjoyNDAwMDAwMDAwMDB9fQ=="
        }
      ]
    },
    {
      "module": "module.gcs_buckets[\"northamerica-northeast2\"]",
      "mode": "managed",
      "type": "google_storage_bucket_iam_member",
      "name": "members",
      "provider": "provider[\"registry.terraform.io/hashicorp/google\"]",
      "instances": []
    }
  ],
  "check_results": null
}
